// !$*UTF8*$!
{
	archiveVersion = 1;
	classes = {
	};
	objectVersion = 46;
	objects = {

/* Begin PBXBuildFile section */
		A162AC9F1830275500D93F4D /* main.cpp in Sources */ = {isa = PBXBuildFile; fileRef = A162AC9E1830275500D93F4D /* main.cpp */; };
		A162ACA11830275500D93F4D /* code_unittests.1 in CopyFiles */ = {isa = PBXBuildFile; fileRef = A162ACA01830275500D93F4D /* code_unittests.1 */; };
		A162ACA81830277A00D93F4D /* utils.a in Frameworks */ = {isa = PBXBuildFile; fileRef = A162ACA71830277A00D93F4D /* utils.a */; };
		A195DB081834165C001D5487 /* utils_unittests.cpp in Sources */ = {isa = PBXBuildFile; fileRef = A195DB071834165C001D5487 /* utils_unittests.cpp */; };
		A195DB0A18341FE6001D5487 /* libboost_filesystem.dylib in Frameworks */ = {isa = PBXBuildFile; fileRef = A195DB0918341FE6001D5487 /* libboost_filesystem.dylib */; };
		A195DB0C18341FF0001D5487 /* libboost_system.dylib in Frameworks */ = {isa = PBXBuildFile; fileRef = A195DB0B18341FF0001D5487 /* libboost_system.dylib */; };
/* End PBXBuildFile section */

/* Begin PBXCopyFilesBuildPhase section */
		A162AC981830275500D93F4D /* CopyFiles */ = {
			isa = PBXCopyFilesBuildPhase;
			buildActionMask = 2147483647;
			dstPath = /usr/share/man/man1/;
			dstSubfolderSpec = 0;
			files = (
				A162ACA11830275500D93F4D /* code_unittests.1 in CopyFiles */,
			);
			runOnlyForDeploymentPostprocessing = 1;
		};
/* End PBXCopyFilesBuildPhase section */

/* Begin PBXFileReference section */
		A162AC9A1830275500D93F4D /* code_unittests */ = {isa = PBXFileReference; explicitFileType = "compiled.mach-o.executable"; includeInIndex = 0; path = code_unittests; sourceTree = BUILT_PRODUCTS_DIR; };
		A162AC9E1830275500D93F4D /* main.cpp */ = {isa = PBXFileReference; lastKnownFileType = sourcecode.cpp.cpp; path = main.cpp; sourceTree = "<group>"; };
		A162ACA01830275500D93F4D /* code_unittests.1 */ = {isa = PBXFileReference; lastKnownFileType = text.man; path = code_unittests.1; sourceTree = "<group>"; };
		A162ACA71830277A00D93F4D /* utils.a */ = {isa = PBXFileReference; lastKnownFileType = archive.ar; name = utils.a; path = ../compilers/xcode/DerivedData/sce/Build/Products/Debug/utils.a; sourceTree = "<group>"; };
		A195DB06183415F5001D5487 /* utils_unittests.h */ = {isa = PBXFileReference; fileEncoding = 4; lastKnownFileType = sourcecode.c.h; path = utils_unittests.h; sourceTree = "<group>"; };
		A195DB071834165C001D5487 /* utils_unittests.cpp */ = {isa = PBXFileReference; fileEncoding = 4; lastKnownFileType = sourcecode.cpp.cpp; path = utils_unittests.cpp; sourceTree = "<group>"; };
		A195DB0918341FE6001D5487 /* libboost_filesystem.dylib */ = {isa = PBXFileReference; lastKnownFileType = "compiled.mach-o.dylib"; name = libboost_filesystem.dylib; path = usr/local/lib/libboost_filesystem.dylib; sourceTree = SDKROOT; };
		A195DB0B18341FF0001D5487 /* libboost_system.dylib */ = {isa = PBXFileReference; lastKnownFileType = "compiled.mach-o.dylib"; name = libboost_system.dylib; path = usr/local/lib/libboost_system.dylib; sourceTree = SDKROOT; };
/* End PBXFileReference section */

/* Begin PBXFrameworksBuildPhase section */
		A162AC971830275500D93F4D /* Frameworks */ = {
			isa = PBXFrameworksBuildPhase;
			buildActionMask = 2147483647;
			files = (
				A195DB0C18341FF0001D5487 /* libboost_system.dylib in Frameworks */,
				A195DB0A18341FE6001D5487 /* libboost_filesystem.dylib in Frameworks */,
				A162ACA81830277A00D93F4D /* utils.a in Frameworks */,
			);
			runOnlyForDeploymentPostprocessing = 0;
		};
/* End PBXFrameworksBuildPhase section */

/* Begin PBXGroup section */
		A162AC8F1830275500D93F4D = {
			isa = PBXGroup;
			children = (
				A195DB0B18341FF0001D5487 /* libboost_system.dylib */,
				A195DB0918341FE6001D5487 /* libboost_filesystem.dylib */,
				A162ACA71830277A00D93F4D /* utils.a */,
				A162AC9D1830275500D93F4D /* code_unittests */,
				A162AC9B1830275500D93F4D /* Products */,
			);
			sourceTree = "<group>";
		};
		A162AC9B1830275500D93F4D /* Products */ = {
			isa = PBXGroup;
			children = (
				A162AC9A1830275500D93F4D /* code_unittests */,
			);
			name = Products;
			sourceTree = "<group>";
		};
		A162AC9D1830275500D93F4D /* code_unittests */ = {
			isa = PBXGroup;
			children = (
				A162AC9E1830275500D93F4D /* main.cpp */,
				A162ACA01830275500D93F4D /* code_unittests.1 */,
				A195DB06183415F5001D5487 /* utils_unittests.h */,
				A195DB071834165C001D5487 /* utils_unittests.cpp */,
			);
			path = code_unittests;
			sourceTree = "<group>";
		};
/* End PBXGroup section */

/* Begin PBXNativeTarget section */
		A162AC991830275500D93F4D /* code_unittests */ = {
			isa = PBXNativeTarget;
			buildConfigurationList = A162ACA41830275500D93F4D /* Build configuration list for PBXNativeTarget "code_unittests" */;
			buildPhases = (
				A162AC961830275500D93F4D /* Sources */,
				A162AC971830275500D93F4D /* Frameworks */,
				A162AC981830275500D93F4D /* CopyFiles */,
			);
			buildRules = (
			);
			dependencies = (
			);
			name = code_unittests;
			productName = code_unittests;
			productReference = A162AC9A1830275500D93F4D /* code_unittests */;
			productType = "com.apple.product-type.tool";
		};
/* End PBXNativeTarget section */

/* Begin PBXProject section */
		A162AC911830275500D93F4D /* Project object */ = {
			isa = PBXProject;
			attributes = {
				LastUpgradeCheck = 0420;
			};
			buildConfigurationList = A162AC941830275500D93F4D /* Build configuration list for PBXProject "code_unittests" */;
			compatibilityVersion = "Xcode 3.2";
			developmentRegion = English;
			hasScannedForEncodings = 0;
			knownRegions = (
				en,
			);
			mainGroup = A162AC8F1830275500D93F4D;
			productRefGroup = A162AC9B1830275500D93F4D /* Products */;
			projectDirPath = "";
			projectRoot = "";
			targets = (
				A162AC991830275500D93F4D /* code_unittests */,
			);
		};
/* End PBXProject section */

/* Begin PBXSourcesBuildPhase section */
		A162AC961830275500D93F4D /* Sources */ = {
			isa = PBXSourcesBuildPhase;
			buildActionMask = 2147483647;
			files = (
				A162AC9F1830275500D93F4D /* main.cpp in Sources */,
				A195DB081834165C001D5487 /* utils_unittests.cpp in Sources */,
			);
			runOnlyForDeploymentPostprocessing = 0;
		};
/* End PBXSourcesBuildPhase section */

/* Begin XCBuildConfiguration section */
		A162ACA21830275500D93F4D /* Debug */ = {
			isa = XCBuildConfiguration;
			buildSettings = {
				ALWAYS_SEARCH_USER_PATHS = NO;
				ARCHS = "$(ARCHS_STANDARD_64_BIT)";
				COPY_PHASE_STRIP = NO;
				GCC_C_LANGUAGE_STANDARD = gnu99;
				GCC_DYNAMIC_NO_PIC = NO;
				GCC_ENABLE_OBJC_EXCEPTIONS = YES;
				GCC_OPTIMIZATION_LEVEL = 0;
				GCC_PREPROCESSOR_DEFINITIONS = (
					"DEBUG=1",
					"$(inherited)",
				);
				GCC_SYMBOLS_PRIVATE_EXTERN = NO;
				GCC_VERSION = com.apple.compilers.llvm.clang.1_0;
				GCC_WARN_64_TO_32_BIT_CONVERSION = YES;
				GCC_WARN_ABOUT_MISSING_PROTOTYPES = YES;
				GCC_WARN_ABOUT_RETURN_TYPE = YES;
				GCC_WARN_UNUSED_VARIABLE = YES;
				MACOSX_DEPLOYMENT_TARGET = 10.7;
				ONLY_ACTIVE_ARCH = YES;
				SDKROOT = macosx;
			};
			name = Debug;
		};
		A162ACA31830275500D93F4D /* Release */ = {
			isa = XCBuildConfiguration;
			buildSettings = {
				ALWAYS_SEARCH_USER_PATHS = NO;
				ARCHS = "$(ARCHS_STANDARD_64_BIT)";
				COPY_PHASE_STRIP = YES;
				DEBUG_INFORMATION_FORMAT = "dwarf-with-dsym";
				GCC_C_LANGUAGE_STANDARD = gnu99;
				GCC_ENABLE_OBJC_EXCEPTIONS = YES;
				GCC_VERSION = com.apple.compilers.llvm.clang.1_0;
				GCC_WARN_64_TO_32_BIT_CONVERSION = YES;
				GCC_WARN_ABOUT_MISSING_PROTOTYPES = YES;
				GCC_WARN_ABOUT_RETURN_TYPE = YES;
				GCC_WARN_UNUSED_VARIABLE = YES;
				MACOSX_DEPLOYMENT_TARGET = 10.7;
				SDKROOT = macosx;
			};
			name = Release;
		};
		A162ACA51830275500D93F4D /* Debug */ = {
			isa = XCBuildConfiguration;
			buildSettings = {
				LIBRARY_SEARCH_PATHS = (
					"$(inherited)",
					"\"$(SRCROOT)/../compilers/xcode/DerivedData/sce/Build/Products/Debug\"",
				);
				PRODUCT_NAME = "$(TARGET_NAME)";
			};
			name = Debug;
		};
		A162ACA61830275500D93F4D /* Release */ = {
			isa = XCBuildConfiguration;
			buildSettings = {
				LIBRARY_SEARCH_PATHS = (
					"$(inherited)",
					"\"$(SRCROOT)/../compilers/xcode/DerivedData/sce/Build/Products/Debug\"",
				);
				PRODUCT_NAME = "$(TARGET_NAME)";
			};
			name = Release;
		};
/* End XCBuildConfiguration section */

/* Begin XCConfigurationList section */
		A162AC941830275500D93F4D /* Build configuration list for PBXProject "code_unittests" */ = {
			isa = XCConfigurationList;
			buildConfigurations = (
				A162ACA21830275500D93F4D /* Debug */,
				A162ACA31830275500D93F4D /* Release */,
			);
			defaultConfigurationIsVisible = 0;
			defaultConfigurationName = Release;
		};
		A162ACA41830275500D93F4D /* Build configuration list for PBXNativeTarget "code_unittests" */ = {
			isa = XCConfigurationList;
			buildConfigurations = (
				A162ACA51830275500D93F4D /* Debug */,
				A162ACA61830275500D93F4D /* Release */,
			);
			defaultConfigurationIsVisible = 0;
			defaultConfigurationName = Release;
		};
/* End XCConfigurationList section */
	};
	rootObject = A162AC911830275500D93F4D /* Project object */;
}
